
Microsoft Visual Studio Solution File, Format Version 12.00
# Visual Studio Version 17
VisualStudioVersion = 17.9.34321.82
MinimumVisualStudioVersion = 10.0.40219.1
Project("{9A19103F-16F7-4668-BE54-9A1E7A4F7556}") = "Messenjoor.WebApp", "WebApp\Messenjoor.WebApp.csproj", "{F56E3C12-F1ED-4172-9953-06CE8F0B3164}"
EndProject
Project("{9A19103F-16F7-4668-BE54-9A1E7A4F7556}") = "Messenjoor.UI", "UI\Messenjoor.UI.csproj", "{C7B6D669-A045-4FF3-81E4-E1AB6A7FBDC4}"
EndProject
Project("{9A19103F-16F7-4668-BE54-9A1E7A4F7556}") = "Messenjoor.Shared", "Shared\Messenjoor.Shared.csproj", "{9C7DB544-DE4D-4783-939C-9ACA17757E96}"
EndProject
Global
	GlobalSection(SolutionConfigurationPlatforms) = preSolution
		Debug|Any CPU = Debug|Any CPU
		Release|Any CPU = Release|Any CPU
	EndGlobalSection
	GlobalSection(ProjectConfigurationPlatforms) = postSolution
		{F56E3C12-F1ED-4172-9953-06CE8F0B3164}.Debug|Any CPU.ActiveCfg = Debug|Any CPU
		{F56E3C12-F1ED-4172-9953-06CE8F0B3164}.Debug|Any CPU.Build.0 = Debug|Any CPU
		{F56E3C12-F1ED-4172-9953-06CE8F0B3164}.Release|Any CPU.ActiveCfg = Release|Any CPU
		{F56E3C12-F1ED-4172-9953-06CE8F0B3164}.Release|Any CPU.Build.0 = Release|Any CPU
		{C7B6D669-A045-4FF3-81E4-E1AB6A7FBDC4}.Debug|Any CPU.ActiveCfg = Debug|Any CPU
		{C7B6D669-A045-4FF3-81E4-E1AB6A7FBDC4}.Debug|Any CPU.Build.0 = Debug|Any CPU
		{C7B6D669-A045-4FF3-81E4-E1AB6A7FBDC4}.Release|Any CPU.ActiveCfg = Release|Any CPU
		{C7B6D669-A045-4FF3-81E4-E1AB6A7FBDC4}.Release|Any CPU.Build.0 = Release|Any CPU
		{9C7DB544-DE4D-4783-939C-9ACA17757E96}.Debug|Any CPU.ActiveCfg = Debug|Any CPU
		{9C7DB544-DE4D-4783-939C-9ACA17757E96}.Debug|Any CPU.Build.0 = Debug|Any CPU
		{9C7DB544-DE4D-4783-939C-9ACA17757E96}.Release|Any CPU.ActiveCfg = Release|Any CPU
		{9C7DB544-DE4D-4783-939C-9ACA17757E96}.Release|Any CPU.Build.0 = Release|Any CPU
	EndGlobalSection
	GlobalSection(SolutionProperties) = preSolution
		HideSolutionNode = FALSE
	EndGlobalSection
	GlobalSection(ExtensibilityGlobals) = postSolution
		SolutionGuid = {263C61BB-84E5-414A-A655-8A79B53F4EF1}
	EndGlobalSection
EndGlobal
